// !$*UTF8*$!
{
	archiveVersion = 1;
	classes = {
	};
	objectVersion = 56;
	objects = {

/* Begin PBXBuildFile section */
		BF14F14C2AC6E7AA00D59926 /* ProfileViewController.swift in Sources */ = {isa = PBXBuildFile; fileRef = BF14F14B2AC6E7AA00D59926 /* ProfileViewController.swift */; };
		BF14F14E2AC70E1B00D59926 /* ProfileViewConstraints.swift in Sources */ = {isa = PBXBuildFile; fileRef = BF14F14D2AC70E1B00D59926 /* ProfileViewConstraints.swift */; };
		BF6C1C562AC1581600798D08 /* FAErrorCheck.swift in Sources */ = {isa = PBXBuildFile; fileRef = BF6C1C552AC1581600798D08 /* FAErrorCheck.swift */; };
		BF6C1C5A2AC15B4F00798D08 /* AlertMessage.swift in Sources */ = {isa = PBXBuildFile; fileRef = BF6C1C592AC15B4F00798D08 /* AlertMessage.swift */; };
		BFAE271D2AB7D9D70004A47C /* AppDelegate.swift in Sources */ = {isa = PBXBuildFile; fileRef = BFAE271C2AB7D9D70004A47C /* AppDelegate.swift */; };
		BFAE271F2AB7D9D70004A47C /* SceneDelegate.swift in Sources */ = {isa = PBXBuildFile; fileRef = BFAE271E2AB7D9D70004A47C /* SceneDelegate.swift */; };
		BFAE27262AB7D9D80004A47C /* Assets.xcassets in Resources */ = {isa = PBXBuildFile; fileRef = BFAE27252AB7D9D80004A47C /* Assets.xcassets */; };
		BFAE27292AB7D9D80004A47C /* LaunchScreen.storyboard in Resources */ = {isa = PBXBuildFile; fileRef = BFAE27272AB7D9D80004A47C /* LaunchScreen.storyboard */; };
		BFAE27342AB7D9D80004A47C /* SimpleChatTests.swift in Sources */ = {isa = PBXBuildFile; fileRef = BFAE27332AB7D9D80004A47C /* SimpleChatTests.swift */; };
		BFAE273E2AB7D9D80004A47C /* SimpleChatUITests.swift in Sources */ = {isa = PBXBuildFile; fileRef = BFAE273D2AB7D9D80004A47C /* SimpleChatUITests.swift */; };
		BFAE27402AB7D9D80004A47C /* SimpleChatUITestsLaunchTests.swift in Sources */ = {isa = PBXBuildFile; fileRef = BFAE273F2AB7D9D80004A47C /* SimpleChatUITestsLaunchTests.swift */; };
		BFAE27512AB7E8CE0004A47C /* LoginViewController.swift in Sources */ = {isa = PBXBuildFile; fileRef = BFAE27502AB7E8CE0004A47C /* LoginViewController.swift */; };
		BFAE27532AB7E9510004A47C /* TitleLabel.swift in Sources */ = {isa = PBXBuildFile; fileRef = BFAE27522AB7E9510004A47C /* TitleLabel.swift */; };
		BFAE27552AB7E9680004A47C /* CustomLabel.swift in Sources */ = {isa = PBXBuildFile; fileRef = BFAE27542AB7E9680004A47C /* CustomLabel.swift */; };
		BFAE27572AB7E9730004A47C /* CustomTextField.swift in Sources */ = {isa = PBXBuildFile; fileRef = BFAE27562AB7E9730004A47C /* CustomTextField.swift */; };
		BFAE27592AB7E9880004A47C /* SelectButton.swift in Sources */ = {isa = PBXBuildFile; fileRef = BFAE27582AB7E9880004A47C /* SelectButton.swift */; };
		BFAE275B2AB7E9960004A47C /* ExplanationButton.swift in Sources */ = {isa = PBXBuildFile; fileRef = BFAE275A2AB7E9960004A47C /* ExplanationButton.swift */; };
		BFAE275E2AB82C080004A47C /* LoginViewConstraints.swift in Sources */ = {isa = PBXBuildFile; fileRef = BFAE275D2AB82C080004A47C /* LoginViewConstraints.swift */; };
		BFAE27602AB82C540004A47C /* SignUpViewController.swift in Sources */ = {isa = PBXBuildFile; fileRef = BFAE275F2AB82C540004A47C /* SignUpViewController.swift */; };
		BFAE27622AB82DBA0004A47C /* CustomButton.swift in Sources */ = {isa = PBXBuildFile; fileRef = BFAE27612AB82DBA0004A47C /* CustomButton.swift */; };
		BFAE27642AB82DF00004A47C /* SignUpViewConstraints.swift in Sources */ = {isa = PBXBuildFile; fileRef = BFAE27632AB82DF00004A47C /* SignUpViewConstraints.swift */; };
		BFAE27662AB82E9C0004A47C /* MainViewController.swift in Sources */ = {isa = PBXBuildFile; fileRef = BFAE27652AB82E9C0004A47C /* MainViewController.swift */; };
		BFAE27682AB9240C0004A47C /* UserModel.swift in Sources */ = {isa = PBXBuildFile; fileRef = BFAE27672AB9240C0004A47C /* UserModel.swift */; };
		BFAE276A2AB9286C0004A47C /* ChatModel.swift in Sources */ = {isa = PBXBuildFile; fileRef = BFAE27692AB9286C0004A47C /* ChatModel.swift */; };
		BFAE276C2AB929B00004A47C /* BadgeImageView.swift in Sources */ = {isa = PBXBuildFile; fileRef = BFAE276B2AB929B00004A47C /* BadgeImageView.swift */; };
		BFAE27702AB92A170004A47C /* ChatBaseView.swift in Sources */ = {isa = PBXBuildFile; fileRef = BFAE276F2AB92A170004A47C /* ChatBaseView.swift */; };
		BFAE27722AB92AAA0004A47C /* IconImageView.swift in Sources */ = {isa = PBXBuildFile; fileRef = BFAE27712AB92AAA0004A47C /* IconImageView.swift */; };
		BFAE27742AB92B030004A47C /* SearchViewController.swift in Sources */ = {isa = PBXBuildFile; fileRef = BFAE27732AB92B030004A47C /* SearchViewController.swift */; };
		BFAE27762AB92B310004A47C /* SettingViewController.swift in Sources */ = {isa = PBXBuildFile; fileRef = BFAE27752AB92B310004A47C /* SettingViewController.swift */; };
		BFAE27782AB92B630004A47C /* ChatViewController.swift in Sources */ = {isa = PBXBuildFile; fileRef = BFAE27772AB92B630004A47C /* ChatViewController.swift */; };
		BFAE277B2AB92C280004A47C /* MainTableViewCell.swift in Sources */ = {isa = PBXBuildFile; fileRef = BFAE277A2AB92C280004A47C /* MainTableViewCell.swift */; };
		BFAE277D2AB92C370004A47C /* SearchTableViewCell.swift in Sources */ = {isa = PBXBuildFile; fileRef = BFAE277C2AB92C370004A47C /* SearchTableViewCell.swift */; };
		BFAE277F2AB92C490004A47C /* MyChatTableViewCell.swift in Sources */ = {isa = PBXBuildFile; fileRef = BFAE277E2AB92C490004A47C /* MyChatTableViewCell.swift */; };
		BFAE27812AB92D4D0004A47C /* SettingViewConstraints.swift in Sources */ = {isa = PBXBuildFile; fileRef = BFAE27802AB92D4D0004A47C /* SettingViewConstraints.swift */; };
		BFAE27842AB92DBA0004A47C /* SearchTableViewConstraints.swift in Sources */ = {isa = PBXBuildFile; fileRef = BFAE27832AB92DBA0004A47C /* SearchTableViewConstraints.swift */; };
		BFAE27862AB92DCB0004A47C /* MyChatTableViewConstraints.swift in Sources */ = {isa = PBXBuildFile; fileRef = BFAE27852AB92DCB0004A47C /* MyChatTableViewConstraints.swift */; };
		BFAE27882AB92DDF0004A47C /* OthersChatTableViewConstraints.swift in Sources */ = {isa = PBXBuildFile; fileRef = BFAE27872AB92DDF0004A47C /* OthersChatTableViewConstraints.swift */; };
		BFAE278A2AB92E000004A47C /* MainTableViewConstraints.swift in Sources */ = {isa = PBXBuildFile; fileRef = BFAE27892AB92E000004A47C /* MainTableViewConstraints.swift */; };
		BFAE278C2AB92E960004A47C /* OthersChatTableViewCell.swift in Sources */ = {isa = PBXBuildFile; fileRef = BFAE278B2AB92E960004A47C /* OthersChatTableViewCell.swift */; };
		BFAE278E2AB92EDF0004A47C /* ChatViewConstraints.swift in Sources */ = {isa = PBXBuildFile; fileRef = BFAE278D2AB92EDF0004A47C /* ChatViewConstraints.swift */; };
		BFAE27912AB94BA70004A47C /* CombineCocoa in Frameworks */ = {isa = PBXBuildFile; productRef = BFAE27902AB94BA70004A47C /* CombineCocoa */; };
		BFAE27932ABA57E10004A47C /* GoogleService-Info.plist in Resources */ = {isa = PBXBuildFile; fileRef = BFAE27922ABA57E10004A47C /* GoogleService-Info.plist */; };
		BFAE27942ABA57E10004A47C /* GoogleService-Info.plist in Resources */ = {isa = PBXBuildFile; fileRef = BFAE27922ABA57E10004A47C /* GoogleService-Info.plist */; };
		BFAE27952ABA57E10004A47C /* GoogleService-Info.plist in Resources */ = {isa = PBXBuildFile; fileRef = BFAE27922ABA57E10004A47C /* GoogleService-Info.plist */; };
		BFAE27982ABA5DA50004A47C /* FirebaseAnalytics in Frameworks */ = {isa = PBXBuildFile; productRef = BFAE27972ABA5DA50004A47C /* FirebaseAnalytics */; };
		BFAE279A2ABA5DA50004A47C /* FirebaseAnalyticsSwift in Frameworks */ = {isa = PBXBuildFile; productRef = BFAE27992ABA5DA50004A47C /* FirebaseAnalyticsSwift */; };
		BFAE279D2ABA666D0004A47C /* FirebaseAuth in Frameworks */ = {isa = PBXBuildFile; productRef = BFAE279C2ABA666D0004A47C /* FirebaseAuth */; };
		BFAE27A02ABA90530004A47C /* FirebaseFirestore in Frameworks */ = {isa = PBXBuildFile; productRef = BFAE279F2ABA90530004A47C /* FirebaseFirestore */; };
		BFAE27A22ABA90530004A47C /* FirebaseFirestoreSwift in Frameworks */ = {isa = PBXBuildFile; productRef = BFAE27A12ABA90530004A47C /* FirebaseFirestoreSwift */; };
		BFAE27A92ABC2F220004A47C /* IQKeyboardManagerSwift in Frameworks */ = {isa = PBXBuildFile; productRef = BFAE27A82ABC2F220004A47C /* IQKeyboardManagerSwift */; };
		BFAE27AB2ABD690E0004A47C /* AuthenticationManager.swift in Sources */ = {isa = PBXBuildFile; fileRef = BFAE27AA2ABD690E0004A47C /* AuthenticationManager.swift */; };
		BFAE27AC2ABD690E0004A47C /* AuthenticationManager.swift in Sources */ = {isa = PBXBuildFile; fileRef = BFAE27AA2ABD690E0004A47C /* AuthenticationManager.swift */; };
		BFAE27AD2ABD690E0004A47C /* AuthenticationManager.swift in Sources */ = {isa = PBXBuildFile; fileRef = BFAE27AA2ABD690E0004A47C /* AuthenticationManager.swift */; };
		BFAE27AF2ABD74870004A47C /* AuthenticationModel.swift in Sources */ = {isa = PBXBuildFile; fileRef = BFAE27AE2ABD74870004A47C /* AuthenticationModel.swift */; };
		BFAE27B02ABD74870004A47C /* AuthenticationModel.swift in Sources */ = {isa = PBXBuildFile; fileRef = BFAE27AE2ABD74870004A47C /* AuthenticationModel.swift */; };
		BFAE27B12ABD74870004A47C /* AuthenticationModel.swift in Sources */ = {isa = PBXBuildFile; fileRef = BFAE27AE2ABD74870004A47C /* AuthenticationModel.swift */; };
		BFAE27B32ABE6C9C0004A47C /* UserManager.swift in Sources */ = {isa = PBXBuildFile; fileRef = BFAE27B22ABE6C9C0004A47C /* UserManager.swift */; };
		BFAE27B42ABE6C9C0004A47C /* UserManager.swift in Sources */ = {isa = PBXBuildFile; fileRef = BFAE27B22ABE6C9C0004A47C /* UserManager.swift */; };
		BFAE27B52ABE6C9C0004A47C /* UserManager.swift in Sources */ = {isa = PBXBuildFile; fileRef = BFAE27B22ABE6C9C0004A47C /* UserManager.swift */; };
		BFAE27B72ABE80BC0004A47C /* FSUserModel.swift in Sources */ = {isa = PBXBuildFile; fileRef = BFAE27B62ABE80BC0004A47C /* FSUserModel.swift */; };
		BFAE27B82ABE80BC0004A47C /* FSUserModel.swift in Sources */ = {isa = PBXBuildFile; fileRef = BFAE27B62ABE80BC0004A47C /* FSUserModel.swift */; };
		BFAE27B92ABE80BC0004A47C /* FSUserModel.swift in Sources */ = {isa = PBXBuildFile; fileRef = BFAE27B62ABE80BC0004A47C /* FSUserModel.swift */; };
		BFAE27BB2ABECE250004A47C /* FirebaseStorage in Frameworks */ = {isa = PBXBuildFile; productRef = BFAE27BA2ABECE250004A47C /* FirebaseStorage */; };
		BFAE27BD2ABED2160004A47C /* StorageManager.swift in Sources */ = {isa = PBXBuildFile; fileRef = BFAE27BC2ABED2160004A47C /* StorageManager.swift */; };
		BFAE27BE2ABED2160004A47C /* StorageManager.swift in Sources */ = {isa = PBXBuildFile; fileRef = BFAE27BC2ABED2160004A47C /* StorageManager.swift */; };
		BFAE27BF2ABED2160004A47C /* StorageManager.swift in Sources */ = {isa = PBXBuildFile; fileRef = BFAE27BC2ABED2160004A47C /* StorageManager.swift */; };
		BFAE27C12ABF0E8D0004A47C /* ChatroomManager.swift in Sources */ = {isa = PBXBuildFile; fileRef = BFAE27C02ABF0E8D0004A47C /* ChatroomManager.swift */; };
		BFAE27C22ABF0E8D0004A47C /* ChatroomManager.swift in Sources */ = {isa = PBXBuildFile; fileRef = BFAE27C02ABF0E8D0004A47C /* ChatroomManager.swift */; };
		BFAE27C32ABF0E8D0004A47C /* ChatroomManager.swift in Sources */ = {isa = PBXBuildFile; fileRef = BFAE27C02ABF0E8D0004A47C /* ChatroomManager.swift */; };
/* End PBXBuildFile section */

/* Begin PBXContainerItemProxy section */
		BFAE27302AB7D9D80004A47C /* PBXContainerItemProxy */ = {
			isa = PBXContainerItemProxy;
			containerPortal = BFAE27112AB7D9D70004A47C /* Project object */;
			proxyType = 1;
			remoteGlobalIDString = BFAE27182AB7D9D70004A47C;
			remoteInfo = SimpleChat;
		};
		BFAE273A2AB7D9D80004A47C /* PBXContainerItemProxy */ = {
			isa = PBXContainerItemProxy;
			containerPortal = BFAE27112AB7D9D70004A47C /* Project object */;
			proxyType = 1;
			remoteGlobalIDString = BFAE27182AB7D9D70004A47C;
			remoteInfo = SimpleChat;
		};
/* End PBXContainerItemProxy section */

/* Begin PBXFileReference section */
		BF14F14B2AC6E7AA00D59926 /* ProfileViewController.swift */ = {isa = PBXFileReference; lastKnownFileType = sourcecode.swift; path = ProfileViewController.swift; sourceTree = "<group>"; };
		BF14F14D2AC70E1B00D59926 /* ProfileViewConstraints.swift */ = {isa = PBXFileReference; lastKnownFileType = sourcecode.swift; path = ProfileViewConstraints.swift; sourceTree = "<group>"; };
		BF6C1C552AC1581600798D08 /* FAErrorCheck.swift */ = {isa = PBXFileReference; lastKnownFileType = sourcecode.swift; path = FAErrorCheck.swift; sourceTree = "<group>"; };
		BF6C1C592AC15B4F00798D08 /* AlertMessage.swift */ = {isa = PBXFileReference; lastKnownFileType = sourcecode.swift; path = AlertMessage.swift; sourceTree = "<group>"; };
		BFAE27192AB7D9D70004A47C /* SimpleChat.app */ = {isa = PBXFileReference; explicitFileType = wrapper.application; includeInIndex = 0; path = SimpleChat.app; sourceTree = BUILT_PRODUCTS_DIR; };
		BFAE271C2AB7D9D70004A47C /* AppDelegate.swift */ = {isa = PBXFileReference; lastKnownFileType = sourcecode.swift; path = AppDelegate.swift; sourceTree = "<group>"; };
		BFAE271E2AB7D9D70004A47C /* SceneDelegate.swift */ = {isa = PBXFileReference; lastKnownFileType = sourcecode.swift; path = SceneDelegate.swift; sourceTree = "<group>"; };
		BFAE27252AB7D9D80004A47C /* Assets.xcassets */ = {isa = PBXFileReference; lastKnownFileType = folder.assetcatalog; path = Assets.xcassets; sourceTree = "<group>"; };
		BFAE27282AB7D9D80004A47C /* Base */ = {isa = PBXFileReference; lastKnownFileType = file.storyboard; name = Base; path = Base.lproj/LaunchScreen.storyboard; sourceTree = "<group>"; };
		BFAE272A2AB7D9D80004A47C /* Info.plist */ = {isa = PBXFileReference; lastKnownFileType = text.plist.xml; path = Info.plist; sourceTree = "<group>"; };
		BFAE272F2AB7D9D80004A47C /* SimpleChatTests.xctest */ = {isa = PBXFileReference; explicitFileType = wrapper.cfbundle; includeInIndex = 0; path = SimpleChatTests.xctest; sourceTree = BUILT_PRODUCTS_DIR; };
		BFAE27332AB7D9D80004A47C /* SimpleChatTests.swift */ = {isa = PBXFileReference; lastKnownFileType = sourcecode.swift; path = SimpleChatTests.swift; sourceTree = "<group>"; };
		BFAE27392AB7D9D80004A47C /* SimpleChatUITests.xctest */ = {isa = PBXFileReference; explicitFileType = wrapper.cfbundle; includeInIndex = 0; path = SimpleChatUITests.xctest; sourceTree = BUILT_PRODUCTS_DIR; };
		BFAE273D2AB7D9D80004A47C /* SimpleChatUITests.swift */ = {isa = PBXFileReference; lastKnownFileType = sourcecode.swift; path = SimpleChatUITests.swift; sourceTree = "<group>"; };
		BFAE273F2AB7D9D80004A47C /* SimpleChatUITestsLaunchTests.swift */ = {isa = PBXFileReference; lastKnownFileType = sourcecode.swift; path = SimpleChatUITestsLaunchTests.swift; sourceTree = "<group>"; };
		BFAE27502AB7E8CE0004A47C /* LoginViewController.swift */ = {isa = PBXFileReference; lastKnownFileType = sourcecode.swift; path = LoginViewController.swift; sourceTree = "<group>"; };
		BFAE27522AB7E9510004A47C /* TitleLabel.swift */ = {isa = PBXFileReference; lastKnownFileType = sourcecode.swift; path = TitleLabel.swift; sourceTree = "<group>"; };
		BFAE27542AB7E9680004A47C /* CustomLabel.swift */ = {isa = PBXFileReference; lastKnownFileType = sourcecode.swift; path = CustomLabel.swift; sourceTree = "<group>"; };
		BFAE27562AB7E9730004A47C /* CustomTextField.swift */ = {isa = PBXFileReference; lastKnownFileType = sourcecode.swift; path = CustomTextField.swift; sourceTree = "<group>"; };
		BFAE27582AB7E9880004A47C /* SelectButton.swift */ = {isa = PBXFileReference; lastKnownFileType = sourcecode.swift; path = SelectButton.swift; sourceTree = "<group>"; };
		BFAE275A2AB7E9960004A47C /* ExplanationButton.swift */ = {isa = PBXFileReference; lastKnownFileType = sourcecode.swift; path = ExplanationButton.swift; sourceTree = "<group>"; };
		BFAE275D2AB82C080004A47C /* LoginViewConstraints.swift */ = {isa = PBXFileReference; lastKnownFileType = sourcecode.swift; path = LoginViewConstraints.swift; sourceTree = "<group>"; };
		BFAE275F2AB82C540004A47C /* SignUpViewController.swift */ = {isa = PBXFileReference; lastKnownFileType = sourcecode.swift; path = SignUpViewController.swift; sourceTree = "<group>"; };
		BFAE27612AB82DBA0004A47C /* CustomButton.swift */ = {isa = PBXFileReference; lastKnownFileType = sourcecode.swift; path = CustomButton.swift; sourceTree = "<group>"; };
		BFAE27632AB82DF00004A47C /* SignUpViewConstraints.swift */ = {isa = PBXFileReference; lastKnownFileType = sourcecode.swift; path = SignUpViewConstraints.swift; sourceTree = "<group>"; };
		BFAE27652AB82E9C0004A47C /* MainViewController.swift */ = {isa = PBXFileReference; lastKnownFileType = sourcecode.swift; path = MainViewController.swift; sourceTree = "<group>"; };
		BFAE27672AB9240C0004A47C /* UserModel.swift */ = {isa = PBXFileReference; lastKnownFileType = sourcecode.swift; path = UserModel.swift; sourceTree = "<group>"; };
		BFAE27692AB9286C0004A47C /* ChatModel.swift */ = {isa = PBXFileReference; lastKnownFileType = sourcecode.swift; path = ChatModel.swift; sourceTree = "<group>"; };
		BFAE276B2AB929B00004A47C /* BadgeImageView.swift */ = {isa = PBXFileReference; lastKnownFileType = sourcecode.swift; path = BadgeImageView.swift; sourceTree = "<group>"; };
		BFAE276F2AB92A170004A47C /* ChatBaseView.swift */ = {isa = PBXFileReference; lastKnownFileType = sourcecode.swift; path = ChatBaseView.swift; sourceTree = "<group>"; };
		BFAE27712AB92AAA0004A47C /* IconImageView.swift */ = {isa = PBXFileReference; lastKnownFileType = sourcecode.swift; path = IconImageView.swift; sourceTree = "<group>"; };
		BFAE27732AB92B030004A47C /* SearchViewController.swift */ = {isa = PBXFileReference; lastKnownFileType = sourcecode.swift; path = SearchViewController.swift; sourceTree = "<group>"; };
		BFAE27752AB92B310004A47C /* SettingViewController.swift */ = {isa = PBXFileReference; lastKnownFileType = sourcecode.swift; path = SettingViewController.swift; sourceTree = "<group>"; };
		BFAE27772AB92B630004A47C /* ChatViewController.swift */ = {isa = PBXFileReference; lastKnownFileType = sourcecode.swift; path = ChatViewController.swift; sourceTree = "<group>"; };
		BFAE277A2AB92C280004A47C /* MainTableViewCell.swift */ = {isa = PBXFileReference; lastKnownFileType = sourcecode.swift; path = MainTableViewCell.swift; sourceTree = "<group>"; };
		BFAE277C2AB92C370004A47C /* SearchTableViewCell.swift */ = {isa = PBXFileReference; lastKnownFileType = sourcecode.swift; path = SearchTableViewCell.swift; sourceTree = "<group>"; };
		BFAE277E2AB92C490004A47C /* MyChatTableViewCell.swift */ = {isa = PBXFileReference; lastKnownFileType = sourcecode.swift; path = MyChatTableViewCell.swift; sourceTree = "<group>"; };
		BFAE27802AB92D4D0004A47C /* SettingViewConstraints.swift */ = {isa = PBXFileReference; lastKnownFileType = sourcecode.swift; path = SettingViewConstraints.swift; sourceTree = "<group>"; };
		BFAE27832AB92DBA0004A47C /* SearchTableViewConstraints.swift */ = {isa = PBXFileReference; lastKnownFileType = sourcecode.swift; path = SearchTableViewConstraints.swift; sourceTree = "<group>"; };
		BFAE27852AB92DCB0004A47C /* MyChatTableViewConstraints.swift */ = {isa = PBXFileReference; lastKnownFileType = sourcecode.swift; path = MyChatTableViewConstraints.swift; sourceTree = "<group>"; };
		BFAE27872AB92DDF0004A47C /* OthersChatTableViewConstraints.swift */ = {isa = PBXFileReference; lastKnownFileType = sourcecode.swift; path = OthersChatTableViewConstraints.swift; sourceTree = "<group>"; };
		BFAE27892AB92E000004A47C /* MainTableViewConstraints.swift */ = {isa = PBXFileReference; lastKnownFileType = sourcecode.swift; path = MainTableViewConstraints.swift; sourceTree = "<group>"; };
		BFAE278B2AB92E960004A47C /* OthersChatTableViewCell.swift */ = {isa = PBXFileReference; lastKnownFileType = sourcecode.swift; path = OthersChatTableViewCell.swift; sourceTree = "<group>"; };
		BFAE278D2AB92EDF0004A47C /* ChatViewConstraints.swift */ = {isa = PBXFileReference; lastKnownFileType = sourcecode.swift; path = ChatViewConstraints.swift; sourceTree = "<group>"; };
		BFAE27922ABA57E10004A47C /* GoogleService-Info.plist */ = {isa = PBXFileReference; fileEncoding = 4; lastKnownFileType = text.plist.xml; path = "GoogleService-Info.plist"; sourceTree = "<group>"; };
		BFAE27AA2ABD690E0004A47C /* AuthenticationManager.swift */ = {isa = PBXFileReference; lastKnownFileType = sourcecode.swift; path = AuthenticationManager.swift; sourceTree = "<group>"; };
		BFAE27AE2ABD74870004A47C /* AuthenticationModel.swift */ = {isa = PBXFileReference; lastKnownFileType = sourcecode.swift; path = AuthenticationModel.swift; sourceTree = "<group>"; };
		BFAE27B22ABE6C9C0004A47C /* UserManager.swift */ = {isa = PBXFileReference; lastKnownFileType = sourcecode.swift; path = UserManager.swift; sourceTree = "<group>"; };
		BFAE27B62ABE80BC0004A47C /* FSUserModel.swift */ = {isa = PBXFileReference; lastKnownFileType = sourcecode.swift; path = FSUserModel.swift; sourceTree = "<group>"; };
		BFAE27BC2ABED2160004A47C /* StorageManager.swift */ = {isa = PBXFileReference; lastKnownFileType = sourcecode.swift; path = StorageManager.swift; sourceTree = "<group>"; };
		BFAE27C02ABF0E8D0004A47C /* ChatroomManager.swift */ = {isa = PBXFileReference; lastKnownFileType = sourcecode.swift; path = ChatroomManager.swift; sourceTree = "<group>"; };
/* End PBXFileReference section */

/* Begin PBXFrameworksBuildPhase section */
		BFAE27162AB7D9D70004A47C /* Frameworks */ = {
			isa = PBXFrameworksBuildPhase;
			buildActionMask = 2147483647;
			files = (
				BFAE27A92ABC2F220004A47C /* IQKeyboardManagerSwift in Frameworks */,
				BFAE279A2ABA5DA50004A47C /* FirebaseAnalyticsSwift in Frameworks */,
				BFAE27982ABA5DA50004A47C /* FirebaseAnalytics in Frameworks */,
				BFAE27912AB94BA70004A47C /* CombineCocoa in Frameworks */,
				BFAE27A02ABA90530004A47C /* FirebaseFirestore in Frameworks */,
				BFAE27BB2ABECE250004A47C /* FirebaseStorage in Frameworks */,
				BFAE279D2ABA666D0004A47C /* FirebaseAuth in Frameworks */,
				BFAE27A22ABA90530004A47C /* FirebaseFirestoreSwift in Frameworks */,
			);
			runOnlyForDeploymentPostprocessing = 0;
		};
		BFAE272C2AB7D9D80004A47C /* Frameworks */ = {
			isa = PBXFrameworksBuildPhase;
			buildActionMask = 2147483647;
			files = (
			);
			runOnlyForDeploymentPostprocessing = 0;
		};
		BFAE27362AB7D9D80004A47C /* Frameworks */ = {
			isa = PBXFrameworksBuildPhase;
			buildActionMask = 2147483647;
			files = (
			);
			runOnlyForDeploymentPostprocessing = 0;
		};
/* End PBXFrameworksBuildPhase section */

/* Begin PBXGroup section */
		BF6C1C582AC15B1F00798D08 /* Utils */ = {
			isa = PBXGroup;
			children = (
				BF6C1C592AC15B4F00798D08 /* AlertMessage.swift */,
			);
			path = Utils;
			sourceTree = "<group>";
		};
		BFAE27102AB7D9D70004A47C = {
			isa = PBXGroup;
			children = (
				BFAE271B2AB7D9D70004A47C /* SimpleChat */,
				BFAE27322AB7D9D80004A47C /* SimpleChatTests */,
				BFAE273C2AB7D9D80004A47C /* SimpleChatUITests */,
				BFAE271A2AB7D9D70004A47C /* Products */,
				BFAE279B2ABA666D0004A47C /* Frameworks */,
			);
			sourceTree = "<group>";
		};
		BFAE271A2AB7D9D70004A47C /* Products */ = {
			isa = PBXGroup;
			children = (
				BFAE27192AB7D9D70004A47C /* SimpleChat.app */,
				BFAE272F2AB7D9D80004A47C /* SimpleChatTests.xctest */,
				BFAE27392AB7D9D80004A47C /* SimpleChatUITests.xctest */,
			);
			name = Products;
			sourceTree = "<group>";
		};
		BFAE271B2AB7D9D70004A47C /* SimpleChat */ = {
			isa = PBXGroup;
			children = (
				BFAE271C2AB7D9D70004A47C /* AppDelegate.swift */,
				BFAE271E2AB7D9D70004A47C /* SceneDelegate.swift */,
				BF6C1C582AC15B1F00798D08 /* Utils */,
				BFAE279E2ABA67030004A47C /* Firebase */,
				BFAE274C2AB7E4BB0004A47C /* Model */,
				BFAE274F2AB7E4F00004A47C /* components */,
				BFAE274E2AB7E4D90004A47C /* Controller */,
				BFAE27252AB7D9D80004A47C /* Assets.xcassets */,
				BFAE27272AB7D9D80004A47C /* LaunchScreen.storyboard */,
				BFAE272A2AB7D9D80004A47C /* Info.plist */,
				BFAE27922ABA57E10004A47C /* GoogleService-Info.plist */,
			);
			path = SimpleChat;
			sourceTree = "<group>";
		};
		BFAE27322AB7D9D80004A47C /* SimpleChatTests */ = {
			isa = PBXGroup;
			children = (
				BFAE27332AB7D9D80004A47C /* SimpleChatTests.swift */,
			);
			path = SimpleChatTests;
			sourceTree = "<group>";
		};
		BFAE273C2AB7D9D80004A47C /* SimpleChatUITests */ = {
			isa = PBXGroup;
			children = (
				BFAE273D2AB7D9D80004A47C /* SimpleChatUITests.swift */,
				BFAE273F2AB7D9D80004A47C /* SimpleChatUITestsLaunchTests.swift */,
			);
			path = SimpleChatUITests;
			sourceTree = "<group>";
		};
		BFAE274C2AB7E4BB0004A47C /* Model */ = {
			isa = PBXGroup;
			children = (
				BFAE27AE2ABD74870004A47C /* AuthenticationModel.swift */,
				BFAE27B62ABE80BC0004A47C /* FSUserModel.swift */,
				BFAE27672AB9240C0004A47C /* UserModel.swift */,
				BFAE27692AB9286C0004A47C /* ChatModel.swift */,
			);
			path = Model;
			sourceTree = "<group>";
		};
		BFAE274E2AB7E4D90004A47C /* Controller */ = {
			isa = PBXGroup;
			children = (
				BFAE27772AB92B630004A47C /* ChatViewController.swift */,
				BFAE27502AB7E8CE0004A47C /* LoginViewController.swift */,
				BFAE27652AB82E9C0004A47C /* MainViewController.swift */,
				BF14F14B2AC6E7AA00D59926 /* ProfileViewController.swift */,
				BFAE27732AB92B030004A47C /* SearchViewController.swift */,
				BFAE27752AB92B310004A47C /* SettingViewController.swift */,
				BFAE275F2AB82C540004A47C /* SignUpViewController.swift */,
				BFAE275C2AB82BEA0004A47C /* Constraints */,
			);
			path = Controller;
			sourceTree = "<group>";
		};
		BFAE274F2AB7E4F00004A47C /* components */ = {
			isa = PBXGroup;
			children = (
				BFAE276B2AB929B00004A47C /* BadgeImageView.swift */,
				BFAE276F2AB92A170004A47C /* ChatBaseView.swift */,
				BFAE27612AB82DBA0004A47C /* CustomButton.swift */,
				BFAE27542AB7E9680004A47C /* CustomLabel.swift */,
				BFAE27562AB7E9730004A47C /* CustomTextField.swift */,
				BFAE275A2AB7E9960004A47C /* ExplanationButton.swift */,
				BFAE27712AB92AAA0004A47C /* IconImageView.swift */,
				BFAE27582AB7E9880004A47C /* SelectButton.swift */,
				BFAE27522AB7E9510004A47C /* TitleLabel.swift */,
				BFAE27792AB92C070004A47C /* TableViewCell */,
			);
			path = components;
			sourceTree = "<group>";
		};
		BFAE275C2AB82BEA0004A47C /* Constraints */ = {
			isa = PBXGroup;
			children = (
				BFAE278D2AB92EDF0004A47C /* ChatViewConstraints.swift */,
				BFAE275D2AB82C080004A47C /* LoginViewConstraints.swift */,
				BF14F14D2AC70E1B00D59926 /* ProfileViewConstraints.swift */,
				BFAE27802AB92D4D0004A47C /* SettingViewConstraints.swift */,
				BFAE27632AB82DF00004A47C /* SignUpViewConstraints.swift */,
			);
			path = Constraints;
			sourceTree = "<group>";
		};
		BFAE27792AB92C070004A47C /* TableViewCell */ = {
			isa = PBXGroup;
			children = (
				BFAE277A2AB92C280004A47C /* MainTableViewCell.swift */,
				BFAE277E2AB92C490004A47C /* MyChatTableViewCell.swift */,
				BFAE278B2AB92E960004A47C /* OthersChatTableViewCell.swift */,
				BFAE277C2AB92C370004A47C /* SearchTableViewCell.swift */,
				BFAE27822AB92DA70004A47C /* Constraints */,
			);
			path = TableViewCell;
			sourceTree = "<group>";
		};
		BFAE27822AB92DA70004A47C /* Constraints */ = {
			isa = PBXGroup;
			children = (
				BFAE27892AB92E000004A47C /* MainTableViewConstraints.swift */,
				BFAE27852AB92DCB0004A47C /* MyChatTableViewConstraints.swift */,
				BFAE27872AB92DDF0004A47C /* OthersChatTableViewConstraints.swift */,
				BFAE27832AB92DBA0004A47C /* SearchTableViewConstraints.swift */,
			);
			path = Constraints;
			sourceTree = "<group>";
		};
		BFAE279B2ABA666D0004A47C /* Frameworks */ = {
			isa = PBXGroup;
			children = (
			);
			name = Frameworks;
			sourceTree = "<group>";
		};
		BFAE279E2ABA67030004A47C /* Firebase */ = {
			isa = PBXGroup;
			children = (
				BFAE27AA2ABD690E0004A47C /* AuthenticationManager.swift */,
				BFAE27C02ABF0E8D0004A47C /* ChatroomManager.swift */,
				BFAE27BC2ABED2160004A47C /* StorageManager.swift */,
				BFAE27B22ABE6C9C0004A47C /* UserManager.swift */,
				BF6C1C552AC1581600798D08 /* FAErrorCheck.swift */,
			);
			path = Firebase;
			sourceTree = "<group>";
		};
/* End PBXGroup section */

/* Begin PBXNativeTarget section */
		BFAE27182AB7D9D70004A47C /* SimpleChat */ = {
			isa = PBXNativeTarget;
			buildConfigurationList = BFAE27432AB7D9D80004A47C /* Build configuration list for PBXNativeTarget "SimpleChat" */;
			buildPhases = (
				BFAE27152AB7D9D70004A47C /* Sources */,
				BFAE27162AB7D9D70004A47C /* Frameworks */,
				BFAE27172AB7D9D70004A47C /* Resources */,
			);
			buildRules = (
			);
			dependencies = (
			);
			name = SimpleChat;
			packageProductDependencies = (
				BFAE27902AB94BA70004A47C /* CombineCocoa */,
				BFAE27972ABA5DA50004A47C /* FirebaseAnalytics */,
				BFAE27992ABA5DA50004A47C /* FirebaseAnalyticsSwift */,
				BFAE279C2ABA666D0004A47C /* FirebaseAuth */,
				BFAE279F2ABA90530004A47C /* FirebaseFirestore */,
				BFAE27A12ABA90530004A47C /* FirebaseFirestoreSwift */,
				BFAE27A82ABC2F220004A47C /* IQKeyboardManagerSwift */,
				BFAE27BA2ABECE250004A47C /* FirebaseStorage */,
			);
			productName = SimpleChat;
			productReference = BFAE27192AB7D9D70004A47C /* SimpleChat.app */;
			productType = "com.apple.product-type.application";
		};
		BFAE272E2AB7D9D80004A47C /* SimpleChatTests */ = {
			isa = PBXNativeTarget;
			buildConfigurationList = BFAE27462AB7D9D80004A47C /* Build configuration list for PBXNativeTarget "SimpleChatTests" */;
			buildPhases = (
				BFAE272B2AB7D9D80004A47C /* Sources */,
				BFAE272C2AB7D9D80004A47C /* Frameworks */,
				BFAE272D2AB7D9D80004A47C /* Resources */,
			);
			buildRules = (
			);
			dependencies = (
				BFAE27312AB7D9D80004A47C /* PBXTargetDependency */,
			);
			name = SimpleChatTests;
			productName = SimpleChatTests;
			productReference = BFAE272F2AB7D9D80004A47C /* SimpleChatTests.xctest */;
			productType = "com.apple.product-type.bundle.unit-test";
		};
		BFAE27382AB7D9D80004A47C /* SimpleChatUITests */ = {
			isa = PBXNativeTarget;
			buildConfigurationList = BFAE27492AB7D9D80004A47C /* Build configuration list for PBXNativeTarget "SimpleChatUITests" */;
			buildPhases = (
				BFAE27352AB7D9D80004A47C /* Sources */,
				BFAE27362AB7D9D80004A47C /* Frameworks */,
				BFAE27372AB7D9D80004A47C /* Resources */,
			);
			buildRules = (
			);
			dependencies = (
				BFAE273B2AB7D9D80004A47C /* PBXTargetDependency */,
			);
			name = SimpleChatUITests;
			productName = SimpleChatUITests;
			productReference = BFAE27392AB7D9D80004A47C /* SimpleChatUITests.xctest */;
			productType = "com.apple.product-type.bundle.ui-testing";
		};
/* End PBXNativeTarget section */

/* Begin PBXProject section */
		BFAE27112AB7D9D70004A47C /* Project object */ = {
			isa = PBXProject;
			attributes = {
				BuildIndependentTargetsInParallel = 1;
				LastSwiftUpdateCheck = 1430;
				LastUpgradeCheck = 1430;
				TargetAttributes = {
					BFAE27182AB7D9D70004A47C = {
						CreatedOnToolsVersion = 14.3.1;
					};
					BFAE272E2AB7D9D80004A47C = {
						CreatedOnToolsVersion = 14.3.1;
						TestTargetID = BFAE27182AB7D9D70004A47C;
					};
					BFAE27382AB7D9D80004A47C = {
						CreatedOnToolsVersion = 14.3.1;
						TestTargetID = BFAE27182AB7D9D70004A47C;
					};
				};
			};
			buildConfigurationList = BFAE27142AB7D9D70004A47C /* Build configuration list for PBXProject "SimpleChat" */;
			compatibilityVersion = "Xcode 14.0";
			developmentRegion = en;
			hasScannedForEncodings = 0;
			knownRegions = (
				en,
				Base,
			);
			mainGroup = BFAE27102AB7D9D70004A47C;
			packageReferences = (
				BFAE278F2AB94BA70004A47C /* XCRemoteSwiftPackageReference "CombineCocoa" */,
				BFAE27962ABA5DA50004A47C /* XCRemoteSwiftPackageReference "firebase-ios-sdk" */,
				BFAE27A72ABC2F220004A47C /* XCRemoteSwiftPackageReference "IQKeyboardManager" */,
			);
			productRefGroup = BFAE271A2AB7D9D70004A47C /* Products */;
			projectDirPath = "";
			projectRoot = "";
			targets = (
				BFAE27182AB7D9D70004A47C /* SimpleChat */,
				BFAE272E2AB7D9D80004A47C /* SimpleChatTests */,
				BFAE27382AB7D9D80004A47C /* SimpleChatUITests */,
			);
		};
/* End PBXProject section */

/* Begin PBXResourcesBuildPhase section */
		BFAE27172AB7D9D70004A47C /* Resources */ = {
			isa = PBXResourcesBuildPhase;
			buildActionMask = 2147483647;
			files = (
				BFAE27292AB7D9D80004A47C /* LaunchScreen.storyboard in Resources */,
				BFAE27262AB7D9D80004A47C /* Assets.xcassets in Resources */,
				BFAE27932ABA57E10004A47C /* GoogleService-Info.plist in Resources */,
			);
			runOnlyForDeploymentPostprocessing = 0;
		};
		BFAE272D2AB7D9D80004A47C /* Resources */ = {
			isa = PBXResourcesBuildPhase;
			buildActionMask = 2147483647;
			files = (
				BFAE27942ABA57E10004A47C /* GoogleService-Info.plist in Resources */,
			);
			runOnlyForDeploymentPostprocessing = 0;
		};
		BFAE27372AB7D9D80004A47C /* Resources */ = {
			isa = PBXResourcesBuildPhase;
			buildActionMask = 2147483647;
			files = (
				BFAE27952ABA57E10004A47C /* GoogleService-Info.plist in Resources */,
			);
			runOnlyForDeploymentPostprocessing = 0;
		};
/* End PBXResourcesBuildPhase section */

/* Begin PBXSourcesBuildPhase section */
		BFAE27152AB7D9D70004A47C /* Sources */ = {
			isa = PBXSourcesBuildPhase;
			buildActionMask = 2147483647;
			files = (
				BFAE27722AB92AAA0004A47C /* IconImageView.swift in Sources */,
				BFAE276C2AB929B00004A47C /* BadgeImageView.swift in Sources */,
				BFAE27C12ABF0E8D0004A47C /* ChatroomManager.swift in Sources */,
				BFAE27782AB92B630004A47C /* ChatViewController.swift in Sources */,
				BFAE27BD2ABED2160004A47C /* StorageManager.swift in Sources */,
				BFAE27512AB7E8CE0004A47C /* LoginViewController.swift in Sources */,
				BFAE27862AB92DCB0004A47C /* MyChatTableViewConstraints.swift in Sources */,
				BFAE27662AB82E9C0004A47C /* MainViewController.swift in Sources */,
				BFAE27AF2ABD74870004A47C /* AuthenticationModel.swift in Sources */,
				BFAE278C2AB92E960004A47C /* OthersChatTableViewCell.swift in Sources */,
				BFAE278E2AB92EDF0004A47C /* ChatViewConstraints.swift in Sources */,
				BFAE27882AB92DDF0004A47C /* OthersChatTableViewConstraints.swift in Sources */,
				BFAE275B2AB7E9960004A47C /* ExplanationButton.swift in Sources */,
				BFAE27B72ABE80BC0004A47C /* FSUserModel.swift in Sources */,
				BF6C1C562AC1581600798D08 /* FAErrorCheck.swift in Sources */,
				BFAE27762AB92B310004A47C /* SettingViewController.swift in Sources */,
				BFAE277B2AB92C280004A47C /* MainTableViewCell.swift in Sources */,
				BFAE27812AB92D4D0004A47C /* SettingViewConstraints.swift in Sources */,
				BFAE27552AB7E9680004A47C /* CustomLabel.swift in Sources */,
				BFAE27642AB82DF00004A47C /* SignUpViewConstraints.swift in Sources */,
				BFAE27B32ABE6C9C0004A47C /* UserManager.swift in Sources */,
				BFAE27572AB7E9730004A47C /* CustomTextField.swift in Sources */,
				BF14F14E2AC70E1B00D59926 /* ProfileViewConstraints.swift in Sources */,
				BF14F14C2AC6E7AA00D59926 /* ProfileViewController.swift in Sources */,
				BF6C1C5A2AC15B4F00798D08 /* AlertMessage.swift in Sources */,
				BFAE27602AB82C540004A47C /* SignUpViewController.swift in Sources */,
				BFAE27AB2ABD690E0004A47C /* AuthenticationManager.swift in Sources */,
				BFAE27742AB92B030004A47C /* SearchViewController.swift in Sources */,
				BFAE277F2AB92C490004A47C /* MyChatTableViewCell.swift in Sources */,
				BFAE27532AB7E9510004A47C /* TitleLabel.swift in Sources */,
				BFAE271D2AB7D9D70004A47C /* AppDelegate.swift in Sources */,
				BFAE27682AB9240C0004A47C /* UserModel.swift in Sources */,
				BFAE27622AB82DBA0004A47C /* CustomButton.swift in Sources */,
				BFAE276A2AB9286C0004A47C /* ChatModel.swift in Sources */,
				BFAE275E2AB82C080004A47C /* LoginViewConstraints.swift in Sources */,
				BFAE27842AB92DBA0004A47C /* SearchTableViewConstraints.swift in Sources */,
				BFAE27592AB7E9880004A47C /* SelectButton.swift in Sources */,
				BFAE277D2AB92C370004A47C /* SearchTableViewCell.swift in Sources */,
				BFAE271F2AB7D9D70004A47C /* SceneDelegate.swift in Sources */,
				BFAE27702AB92A170004A47C /* ChatBaseView.swift in Sources */,
				BFAE278A2AB92E000004A47C /* MainTableViewConstraints.swift in Sources */,
			);
			runOnlyForDeploymentPostprocessing = 0;
		};
		BFAE272B2AB7D9D80004A47C /* Sources */ = {
			isa = PBXSourcesBuildPhase;
			buildActionMask = 2147483647;
			files = (
				BFAE27B02ABD74870004A47C /* AuthenticationModel.swift in Sources */,
				BFAE27C22ABF0E8D0004A47C /* ChatroomManager.swift in Sources */,
				BFAE27B82ABE80BC0004A47C /* FSUserModel.swift in Sources */,
				BFAE27342AB7D9D80004A47C /* SimpleChatTests.swift in Sources */,
				BFAE27BE2ABED2160004A47C /* StorageManager.swift in Sources */,
				BFAE27B42ABE6C9C0004A47C /* UserManager.swift in Sources */,
				BFAE27AC2ABD690E0004A47C /* AuthenticationManager.swift in Sources */,
			);
			runOnlyForDeploymentPostprocessing = 0;
		};
		BFAE27352AB7D9D80004A47C /* Sources */ = {
			isa = PBXSourcesBuildPhase;
			buildActionMask = 2147483647;
			files = (
				BFAE27C32ABF0E8D0004A47C /* ChatroomManager.swift in Sources */,
				BFAE27B12ABD74870004A47C /* AuthenticationModel.swift in Sources */,
				BFAE27AD2ABD690E0004A47C /* AuthenticationManager.swift in Sources */,
				BFAE27B92ABE80BC0004A47C /* FSUserModel.swift in Sources */,
				BFAE27BF2ABED2160004A47C /* StorageManager.swift in Sources */,
				BFAE27402AB7D9D80004A47C /* SimpleChatUITestsLaunchTests.swift in Sources */,
				BFAE27B52ABE6C9C0004A47C /* UserManager.swift in Sources */,
				BFAE273E2AB7D9D80004A47C /* SimpleChatUITests.swift in Sources */,
			);
			runOnlyForDeploymentPostprocessing = 0;
		};
/* End PBXSourcesBuildPhase section */

/* Begin PBXTargetDependency section */
		BFAE27312AB7D9D80004A47C /* PBXTargetDependency */ = {
			isa = PBXTargetDependency;
			target = BFAE27182AB7D9D70004A47C /* SimpleChat */;
			targetProxy = BFAE27302AB7D9D80004A47C /* PBXContainerItemProxy */;
		};
		BFAE273B2AB7D9D80004A47C /* PBXTargetDependency */ = {
			isa = PBXTargetDependency;
			target = BFAE27182AB7D9D70004A47C /* SimpleChat */;
			targetProxy = BFAE273A2AB7D9D80004A47C /* PBXContainerItemProxy */;
		};
/* End PBXTargetDependency section */

/* Begin PBXVariantGroup section */
		BFAE27272AB7D9D80004A47C /* LaunchScreen.storyboard */ = {
			isa = PBXVariantGroup;
			children = (
				BFAE27282AB7D9D80004A47C /* Base */,
			);
			name = LaunchScreen.storyboard;
			sourceTree = "<group>";
		};
/* End PBXVariantGroup section */

/* Begin XCBuildConfiguration section */
		BFAE27412AB7D9D80004A47C /* Debug */ = {
			isa = XCBuildConfiguration;
			buildSettings = {
				ALWAYS_SEARCH_USER_PATHS = NO;
				CLANG_ANALYZER_NONNULL = YES;
				CLANG_ANALYZER_NUMBER_OBJECT_CONVERSION = YES_AGGRESSIVE;
				CLANG_CXX_LANGUAGE_STANDARD = "gnu++20";
				CLANG_ENABLE_MODULES = YES;
				CLANG_ENABLE_OBJC_ARC = YES;
				CLANG_ENABLE_OBJC_WEAK = YES;
				CLANG_WARN_BLOCK_CAPTURE_AUTORELEASING = YES;
				CLANG_WARN_BOOL_CONVERSION = YES;
				CLANG_WARN_COMMA = YES;
				CLANG_WARN_CONSTANT_CONVERSION = YES;
				CLANG_WARN_DEPRECATED_OBJC_IMPLEMENTATIONS = YES;
				CLANG_WARN_DIRECT_OBJC_ISA_USAGE = YES_ERROR;
				CLANG_WARN_DOCUMENTATION_COMMENTS = YES;
				CLANG_WARN_EMPTY_BODY = YES;
				CLANG_WARN_ENUM_CONVERSION = YES;
				CLANG_WARN_INFINITE_RECURSION = YES;
				CLANG_WARN_INT_CONVERSION = YES;
				CLANG_WARN_NON_LITERAL_NULL_CONVERSION = YES;
				CLANG_WARN_OBJC_IMPLICIT_RETAIN_SELF = YES;
				CLANG_WARN_OBJC_LITERAL_CONVERSION = YES;
				CLANG_WARN_OBJC_ROOT_CLASS = YES_ERROR;
				CLANG_WARN_QUOTED_INCLUDE_IN_FRAMEWORK_HEADER = YES;
				CLANG_WARN_RANGE_LOOP_ANALYSIS = YES;
				CLANG_WARN_STRICT_PROTOTYPES = YES;
				CLANG_WARN_SUSPICIOUS_MOVE = YES;
				CLANG_WARN_UNGUARDED_AVAILABILITY = YES_AGGRESSIVE;
				CLANG_WARN_UNREACHABLE_CODE = YES;
				CLANG_WARN__DUPLICATE_METHOD_MATCH = YES;
				COPY_PHASE_STRIP = NO;
				DEBUG_INFORMATION_FORMAT = dwarf;
				ENABLE_STRICT_OBJC_MSGSEND = YES;
				ENABLE_TESTABILITY = YES;
				GCC_C_LANGUAGE_STANDARD = gnu11;
				GCC_DYNAMIC_NO_PIC = NO;
				GCC_NO_COMMON_BLOCKS = YES;
				GCC_OPTIMIZATION_LEVEL = 0;
				GCC_PREPROCESSOR_DEFINITIONS = (
					"DEBUG=1",
					"$(inherited)",
				);
				GCC_WARN_64_TO_32_BIT_CONVERSION = YES;
				GCC_WARN_ABOUT_RETURN_TYPE = YES_ERROR;
				GCC_WARN_UNDECLARED_SELECTOR = YES;
				GCC_WARN_UNINITIALIZED_AUTOS = YES_AGGRESSIVE;
				GCC_WARN_UNUSED_FUNCTION = YES;
				GCC_WARN_UNUSED_VARIABLE = YES;
				IPHONEOS_DEPLOYMENT_TARGET = 16.4;
				MTL_ENABLE_DEBUG_INFO = INCLUDE_SOURCE;
				MTL_FAST_MATH = YES;
				ONLY_ACTIVE_ARCH = YES;
				SDKROOT = iphoneos;
				SWIFT_ACTIVE_COMPILATION_CONDITIONS = DEBUG;
				SWIFT_OPTIMIZATION_LEVEL = "-Onone";
			};
			name = Debug;
		};
		BFAE27422AB7D9D80004A47C /* Release */ = {
			isa = XCBuildConfiguration;
			buildSettings = {
				ALWAYS_SEARCH_USER_PATHS = NO;
				CLANG_ANALYZER_NONNULL = YES;
				CLANG_ANALYZER_NUMBER_OBJECT_CONVERSION = YES_AGGRESSIVE;
				CLANG_CXX_LANGUAGE_STANDARD = "gnu++20";
				CLANG_ENABLE_MODULES = YES;
				CLANG_ENABLE_OBJC_ARC = YES;
				CLANG_ENABLE_OBJC_WEAK = YES;
				CLANG_WARN_BLOCK_CAPTURE_AUTORELEASING = YES;
				CLANG_WARN_BOOL_CONVERSION = YES;
				CLANG_WARN_COMMA = YES;
				CLANG_WARN_CONSTANT_CONVERSION = YES;
				CLANG_WARN_DEPRECATED_OBJC_IMPLEMENTATIONS = YES;
				CLANG_WARN_DIRECT_OBJC_ISA_USAGE = YES_ERROR;
				CLANG_WARN_DOCUMENTATION_COMMENTS = YES;
				CLANG_WARN_EMPTY_BODY = YES;
				CLANG_WARN_ENUM_CONVERSION = YES;
				CLANG_WARN_INFINITE_RECURSION = YES;
				CLANG_WARN_INT_CONVERSION = YES;
				CLANG_WARN_NON_LITERAL_NULL_CONVERSION = YES;
				CLANG_WARN_OBJC_IMPLICIT_RETAIN_SELF = YES;
				CLANG_WARN_OBJC_LITERAL_CONVERSION = YES;
				CLANG_WARN_OBJC_ROOT_CLASS = YES_ERROR;
				CLANG_WARN_QUOTED_INCLUDE_IN_FRAMEWORK_HEADER = YES;
				CLANG_WARN_RANGE_LOOP_ANALYSIS = YES;
				CLANG_WARN_STRICT_PROTOTYPES = YES;
				CLANG_WARN_SUSPICIOUS_MOVE = YES;
				CLANG_WARN_UNGUARDED_AVAILABILITY = YES_AGGRESSIVE;
				CLANG_WARN_UNREACHABLE_CODE = YES;
				CLANG_WARN__DUPLICATE_METHOD_MATCH = YES;
				COPY_PHASE_STRIP = NO;
				DEBUG_INFORMATION_FORMAT = "dwarf-with-dsym";
				ENABLE_NS_ASSERTIONS = NO;
				ENABLE_STRICT_OBJC_MSGSEND = YES;
				GCC_C_LANGUAGE_STANDARD = gnu11;
				GCC_NO_COMMON_BLOCKS = YES;
				GCC_WARN_64_TO_32_BIT_CONVERSION = YES;
				GCC_WARN_ABOUT_RETURN_TYPE = YES_ERROR;
				GCC_WARN_UNDECLARED_SELECTOR = YES;
				GCC_WARN_UNINITIALIZED_AUTOS = YES_AGGRESSIVE;
				GCC_WARN_UNUSED_FUNCTION = YES;
				GCC_WARN_UNUSED_VARIABLE = YES;
				IPHONEOS_DEPLOYMENT_TARGET = 16.4;
				MTL_ENABLE_DEBUG_INFO = NO;
				MTL_FAST_MATH = YES;
				SDKROOT = iphoneos;
				SWIFT_COMPILATION_MODE = wholemodule;
				SWIFT_OPTIMIZATION_LEVEL = "-O";
				VALIDATE_PRODUCT = YES;
			};
			name = Release;
		};
		BFAE27442AB7D9D80004A47C /* Debug */ = {
			isa = XCBuildConfiguration;
			buildSettings = {
				ASSETCATALOG_COMPILER_APPICON_NAME = AppIcon;
				ASSETCATALOG_COMPILER_GLOBAL_ACCENT_COLOR_NAME = AccentColor;
				CODE_SIGN_ENTITLEMENTS = SimpleChat/SimpleChat.entitlements;
				CODE_SIGN_STYLE = Automatic;
				CURRENT_PROJECT_VERSION = 1;
				DEVELOPMENT_TEAM = JUXZ2JW888;
				GENERATE_INFOPLIST_FILE = YES;
				INFOPLIST_FILE = SimpleChat/Info.plist;
				INFOPLIST_KEY_UIApplicationSupportsIndirectInputEvents = YES;
				INFOPLIST_KEY_UILaunchStoryboardName = LaunchScreen;
				INFOPLIST_KEY_UIMainStoryboardFile = "";
				INFOPLIST_KEY_UISupportedInterfaceOrientations = UIInterfaceOrientationPortrait;
				INFOPLIST_KEY_UISupportedInterfaceOrientations_iPad = "UIInterfaceOrientationLandscapeLeft UIInterfaceOrientationLandscapeRight UIInterfaceOrientationPortrait UIInterfaceOrientationPortraitUpsideDown";
				LD_RUNPATH_SEARCH_PATHS = (
					"$(inherited)",
					"@executable_path/Frameworks",
				);
				MARKETING_VERSION = 1.0;
				PRODUCT_BUNDLE_IDENTIFIER = com.ShoTamaki.SimpleChat;
				PRODUCT_NAME = "$(TARGET_NAME)";
				SWIFT_EMIT_LOC_STRINGS = YES;
				SWIFT_VERSION = 5.0;
				TARGETED_DEVICE_FAMILY = "1,2";
			};
			name = Debug;
		};
		BFAE27452AB7D9D80004A47C /* Release */ = {
			isa = XCBuildConfiguration;
			buildSettings = {
				ASSETCATALOG_COMPILER_APPICON_NAME = AppIcon;
				ASSETCATALOG_COMPILER_GLOBAL_ACCENT_COLOR_NAME = AccentColor;
				CODE_SIGN_ENTITLEMENTS = SimpleChat/SimpleChat.entitlements;
				CODE_SIGN_STYLE = Automatic;
				CURRENT_PROJECT_VERSION = 1;
				DEVELOPMENT_TEAM = JUXZ2JW888;
				GENERATE_INFOPLIST_FILE = YES;
				INFOPLIST_FILE = SimpleChat/Info.plist;
				INFOPLIST_KEY_UIApplicationSupportsIndirectInputEvents = YES;
				INFOPLIST_KEY_UILaunchStoryboardName = LaunchScreen;
				INFOPLIST_KEY_UIMainStoryboardFile = "";
				INFOPLIST_KEY_UISupportedInterfaceOrientations = UIInterfaceOrientationPortrait;
				INFOPLIST_KEY_UISupportedInterfaceOrientations_iPad = "UIInterfaceOrientationLandscapeLeft UIInterfaceOrientationLandscapeRight UIInterfaceOrientationPortrait UIInterfaceOrientationPortraitUpsideDown";
				LD_RUNPATH_SEARCH_PATHS = (
					"$(inherited)",
					"@executable_path/Frameworks",
				);
				MARKETING_VERSION = 1.0;
				PRODUCT_BUNDLE_IDENTIFIER = com.ShoTamaki.SimpleChat;
				PRODUCT_NAME = "$(TARGET_NAME)";
				SWIFT_EMIT_LOC_STRINGS = YES;
				SWIFT_VERSION = 5.0;
				TARGETED_DEVICE_FAMILY = "1,2";
			};
			name = Release;
		};
		BFAE27472AB7D9D80004A47C /* Debug */ = {
			isa = XCBuildConfiguration;
			buildSettings = {
				ALWAYS_EMBED_SWIFT_STANDARD_LIBRARIES = YES;
				BUNDLE_LOADER = "$(TEST_HOST)";
				CODE_SIGN_STYLE = Automatic;
				CURRENT_PROJECT_VERSION = 1;
				DEVELOPMENT_TEAM = JUXZ2JW888;
				GENERATE_INFOPLIST_FILE = YES;
				IPHONEOS_DEPLOYMENT_TARGET = 16.4;
				MARKETING_VERSION = 1.0;
				PRODUCT_BUNDLE_IDENTIFIER = com.ShoTamaki.SimpleChatTests;
				PRODUCT_NAME = "$(TARGET_NAME)";
				SWIFT_EMIT_LOC_STRINGS = NO;
				SWIFT_VERSION = 5.0;
				TARGETED_DEVICE_FAMILY = "1,2";
				TEST_HOST = "$(BUILT_PRODUCTS_DIR)/SimpleChat.app/$(BUNDLE_EXECUTABLE_FOLDER_PATH)/SimpleChat";
			};
			name = Debug;
		};
		BFAE27482AB7D9D80004A47C /* Release */ = {
			isa = XCBuildConfiguration;
			buildSettings = {
				ALWAYS_EMBED_SWIFT_STANDARD_LIBRARIES = YES;
				BUNDLE_LOADER = "$(TEST_HOST)";
				CODE_SIGN_STYLE = Automatic;
				CURRENT_PROJECT_VERSION = 1;
				DEVELOPMENT_TEAM = JUXZ2JW888;
				GENERATE_INFOPLIST_FILE = YES;
				IPHONEOS_DEPLOYMENT_TARGET = 16.4;
				MARKETING_VERSION = 1.0;
				PRODUCT_BUNDLE_IDENTIFIER = com.ShoTamaki.SimpleChatTests;
				PRODUCT_NAME = "$(TARGET_NAME)";
				SWIFT_EMIT_LOC_STRINGS = NO;
				SWIFT_VERSION = 5.0;
				TARGETED_DEVICE_FAMILY = "1,2";
				TEST_HOST = "$(BUILT_PRODUCTS_DIR)/SimpleChat.app/$(BUNDLE_EXECUTABLE_FOLDER_PATH)/SimpleChat";
			};
			name = Release;
		};
		BFAE274A2AB7D9D80004A47C /* Debug */ = {
			isa = XCBuildConfiguration;
			buildSettings = {
				ALWAYS_EMBED_SWIFT_STANDARD_LIBRARIES = YES;
				CODE_SIGN_STYLE = Automatic;
				CURRENT_PROJECT_VERSION = 1;
				DEVELOPMENT_TEAM = JUXZ2JW888;
				GENERATE_INFOPLIST_FILE = YES;
				MARKETING_VERSION = 1.0;
				PRODUCT_BUNDLE_IDENTIFIER = com.ShoTamaki.SimpleChatUITests;
				PRODUCT_NAME = "$(TARGET_NAME)";
				SWIFT_EMIT_LOC_STRINGS = NO;
				SWIFT_VERSION = 5.0;
				TARGETED_DEVICE_FAMILY = "1,2";
				TEST_TARGET_NAME = SimpleChat;
			};
			name = Debug;
		};
		BFAE274B2AB7D9D80004A47C /* Release */ = {
			isa = XCBuildConfiguration;
			buildSettings = {
				ALWAYS_EMBED_SWIFT_STANDARD_LIBRARIES = YES;
				CODE_SIGN_STYLE = Automatic;
				CURRENT_PROJECT_VERSION = 1;
				DEVELOPMENT_TEAM = JUXZ2JW888;
				GENERATE_INFOPLIST_FILE = YES;
				MARKETING_VERSION = 1.0;
				PRODUCT_BUNDLE_IDENTIFIER = com.ShoTamaki.SimpleChatUITests;
				PRODUCT_NAME = "$(TARGET_NAME)";
				SWIFT_EMIT_LOC_STRINGS = NO;
				SWIFT_VERSION = 5.0;
				TARGETED_DEVICE_FAMILY = "1,2";
				TEST_TARGET_NAME = SimpleChat;
			};
			name = Release;
		};
/* End XCBuildConfiguration section */

/* Begin XCConfigurationList section */
		BFAE27142AB7D9D70004A47C /* Build configuration list for PBXProject "SimpleChat" */ = {
			isa = XCConfigurationList;
			buildConfigurations = (
				BFAE27412AB7D9D80004A47C /* Debug */,
				BFAE27422AB7D9D80004A47C /* Release */,
			);
			defaultConfigurationIsVisible = 0;
			defaultConfigurationName = Release;
		};
		BFAE27432AB7D9D80004A47C /* Build configuration list for PBXNativeTarget "SimpleChat" */ = {
			isa = XCConfigurationList;
			buildConfigurations = (
				BFAE27442AB7D9D80004A47C /* Debug */,
				BFAE27452AB7D9D80004A47C /* Release */,
			);
			defaultConfigurationIsVisible = 0;
			defaultConfigurationName = Release;
		};
		BFAE27462AB7D9D80004A47C /* Build configuration list for PBXNativeTarget "SimpleChatTests" */ = {
			isa = XCConfigurationList;
			buildConfigurations = (
				BFAE27472AB7D9D80004A47C /* Debug */,
				BFAE27482AB7D9D80004A47C /* Release */,
			);
			defaultConfigurationIsVisible = 0;
			defaultConfigurationName = Release;
		};
		BFAE27492AB7D9D80004A47C /* Build configuration list for PBXNativeTarget "SimpleChatUITests" */ = {
			isa = XCConfigurationList;
			buildConfigurations = (
				BFAE274A2AB7D9D80004A47C /* Debug */,
				BFAE274B2AB7D9D80004A47C /* Release */,
			);
			defaultConfigurationIsVisible = 0;
			defaultConfigurationName = Release;
		};
/* End XCConfigurationList section */

/* Begin XCRemoteSwiftPackageReference section */
		BFAE278F2AB94BA70004A47C /* XCRemoteSwiftPackageReference "CombineCocoa" */ = {
			isa = XCRemoteSwiftPackageReference;
			repositoryURL = "https://github.com/CombineCommunity/CombineCocoa";
			requirement = {
				kind = upToNextMajorVersion;
				minimumVersion = 0.4.1;
			};
		};
		BFAE27962ABA5DA50004A47C /* XCRemoteSwiftPackageReference "firebase-ios-sdk" */ = {
			isa = XCRemoteSwiftPackageReference;
			repositoryURL = "https://github.com/firebase/firebase-ios-sdk";
			requirement = {
				kind = exactVersion;
				version = 10.15.0;
			};
		};
		BFAE27A72ABC2F220004A47C /* XCRemoteSwiftPackageReference "IQKeyboardManager" */ = {
			isa = XCRemoteSwiftPackageReference;
			repositoryURL = "https://github.com/hackiftekhar/IQKeyboardManager";
			requirement = {
				kind = upToNextMajorVersion;
				minimumVersion = 6.0.0;
			};
		};
/* End XCRemoteSwiftPackageReference section */

/* Begin XCSwiftPackageProductDependency section */
		BFAE27902AB94BA70004A47C /* CombineCocoa */ = {
			isa = XCSwiftPackageProductDependency;
			package = BFAE278F2AB94BA70004A47C /* XCRemoteSwiftPackageReference "CombineCocoa" */;
			productName = CombineCocoa;
		};
		BFAE27972ABA5DA50004A47C /* FirebaseAnalytics */ = {
			isa = XCSwiftPackageProductDependency;
			package = BFAE27962ABA5DA50004A47C /* XCRemoteSwiftPackageReference "firebase-ios-sdk" */;
			productName = FirebaseAnalytics;
		};
		BFAE27992ABA5DA50004A47C /* FirebaseAnalyticsSwift */ = {
			isa = XCSwiftPackageProductDependency;
			package = BFAE27962ABA5DA50004A47C /* XCRemoteSwiftPackageReference "firebase-ios-sdk" */;
			productName = FirebaseAnalyticsSwift;
		};
		BFAE279C2ABA666D0004A47C /* FirebaseAuth */ = {
			isa = XCSwiftPackageProductDependency;
			package = BFAE27962ABA5DA50004A47C /* XCRemoteSwiftPackageReference "firebase-ios-sdk" */;
			productName = FirebaseAuth;
		};
		BFAE279F2ABA90530004A47C /* FirebaseFirestore */ = {
			isa = XCSwiftPackageProductDependency;
			package = BFAE27962ABA5DA50004A47C /* XCRemoteSwiftPackageReference "firebase-ios-sdk" */;
			productName = FirebaseFirestore;
		};
		BFAE27A12ABA90530004A47C /* FirebaseFirestoreSwift */ = {
			isa = XCSwiftPackageProductDependency;
			package = BFAE27962ABA5DA50004A47C /* XCRemoteSwiftPackageReference "firebase-ios-sdk" */;
			productName = FirebaseFirestoreSwift;
		};
		BFAE27A82ABC2F220004A47C /* IQKeyboardManagerSwift */ = {
			isa = XCSwiftPackageProductDependency;
			package = BFAE27A72ABC2F220004A47C /* XCRemoteSwiftPackageReference "IQKeyboardManager" */;
			productName = IQKeyboardManagerSwift;
		};
		BFAE27BA2ABECE250004A47C /* FirebaseStorage */ = {
			isa = XCSwiftPackageProductDependency;
			package = BFAE27962ABA5DA50004A47C /* XCRemoteSwiftPackageReference "firebase-ios-sdk" */;
			productName = FirebaseStorage;
		};
/* End XCSwiftPackageProductDependency section */
	};
	rootObject = BFAE27112AB7D9D70004A47C /* Project object */;
}
